// !$*UTF8*$!
{
	archiveVersion = 1;
	classes = {
	};
	objectVersion = 50;
	objects = {

/* Begin PBXBuildFile section */
		2363B6DC24ABEF7B00428853 /* EulerStudyApp.swift in Sources */ = {isa = PBXBuildFile; fileRef = 2363B6DB24ABEF7B00428853 /* EulerStudyApp.swift */; };
		2363B6DE24ABEF7B00428853 /* ContentView.swift in Sources */ = {isa = PBXBuildFile; fileRef = 2363B6DD24ABEF7B00428853 /* ContentView.swift */; };
		2363B6E024ABEF7E00428853 /* Assets.xcassets in Resources */ = {isa = PBXBuildFile; fileRef = 2363B6DF24ABEF7E00428853 /* Assets.xcassets */; };
		2363B6E324ABEF7E00428853 /* Preview Assets.xcassets in Resources */ = {isa = PBXBuildFile; fileRef = 2363B6E224ABEF7E00428853 /* Preview Assets.xcassets */; };
		2363B70724ABF02A00428853 /* ProblemsFunctions.swift in Sources */ = {isa = PBXBuildFile; fileRef = 2363B70624ABF02A00428853 /* ProblemsFunctions.swift */; };
		2363B70F24ABF41D00428853 /* EulerStudyTests.swift in Sources */ = {isa = PBXBuildFile; fileRef = 2363B70E24ABF41D00428853 /* EulerStudyTests.swift */; };
		2363B71D24ABF45F00428853 /* EulerStudyUITests.swift in Sources */ = {isa = PBXBuildFile; fileRef = 2363B71C24ABF45F00428853 /* EulerStudyUITests.swift */; };
/* End PBXBuildFile section */

/* Begin PBXContainerItemProxy section */
		2363B71124ABF41D00428853 /* PBXContainerItemProxy */ = {
			isa = PBXContainerItemProxy;
			containerPortal = 2363B6D024ABEF7B00428853 /* Project object */;
			proxyType = 1;
			remoteGlobalIDString = 2363B6D724ABEF7B00428853;
			remoteInfo = EulerStudy;
		};
		2363B71F24ABF45F00428853 /* PBXContainerItemProxy */ = {
			isa = PBXContainerItemProxy;
			containerPortal = 2363B6D024ABEF7B00428853 /* Project object */;
			proxyType = 1;
			remoteGlobalIDString = 2363B6D724ABEF7B00428853;
			remoteInfo = EulerStudy;
		};
/* End PBXContainerItemProxy section */

/* Begin PBXFileReference section */
		2363B6D824ABEF7B00428853 /* EulerStudy.app */ = {isa = PBXFileReference; explicitFileType = wrapper.application; includeInIndex = 0; path = EulerStudy.app; sourceTree = BUILT_PRODUCTS_DIR; };
		2363B6DB24ABEF7B00428853 /* EulerStudyApp.swift */ = {isa = PBXFileReference; lastKnownFileType = sourcecode.swift; path = EulerStudyApp.swift; sourceTree = "<group>"; };
		2363B6DD24ABEF7B00428853 /* ContentView.swift */ = {isa = PBXFileReference; lastKnownFileType = sourcecode.swift; path = ContentView.swift; sourceTree = "<group>"; };
		2363B6DF24ABEF7E00428853 /* Assets.xcassets */ = {isa = PBXFileReference; lastKnownFileType = folder.assetcatalog; path = Assets.xcassets; sourceTree = "<group>"; };
		2363B6E224ABEF7E00428853 /* Preview Assets.xcassets */ = {isa = PBXFileReference; lastKnownFileType = folder.assetcatalog; path = "Preview Assets.xcassets"; sourceTree = "<group>"; };
		2363B6E424ABEF7E00428853 /* Info.plist */ = {isa = PBXFileReference; lastKnownFileType = text.plist.xml; path = Info.plist; sourceTree = "<group>"; };
		2363B70624ABF02A00428853 /* ProblemsFunctions.swift */ = {isa = PBXFileReference; fileEncoding = 4; lastKnownFileType = sourcecode.swift; path = ProblemsFunctions.swift; sourceTree = "<group>"; };
		2363B70C24ABF41D00428853 /* EulerStudyTests.xctest */ = {isa = PBXFileReference; explicitFileType = wrapper.cfbundle; includeInIndex = 0; path = EulerStudyTests.xctest; sourceTree = BUILT_PRODUCTS_DIR; };
		2363B70E24ABF41D00428853 /* EulerStudyTests.swift */ = {isa = PBXFileReference; lastKnownFileType = sourcecode.swift; path = EulerStudyTests.swift; sourceTree = "<group>"; };
		2363B71024ABF41D00428853 /* Info.plist */ = {isa = PBXFileReference; lastKnownFileType = text.plist.xml; path = Info.plist; sourceTree = "<group>"; };
		2363B71A24ABF45F00428853 /* EulerStudyUITests.xctest */ = {isa = PBXFileReference; explicitFileType = wrapper.cfbundle; includeInIndex = 0; path = EulerStudyUITests.xctest; sourceTree = BUILT_PRODUCTS_DIR; };
		2363B71C24ABF45F00428853 /* EulerStudyUITests.swift */ = {isa = PBXFileReference; lastKnownFileType = sourcecode.swift; path = EulerStudyUITests.swift; sourceTree = "<group>"; };
		2363B71E24ABF45F00428853 /* Info.plist */ = {isa = PBXFileReference; lastKnownFileType = text.plist.xml; path = Info.plist; sourceTree = "<group>"; };
/* End PBXFileReference section */

/* Begin PBXFrameworksBuildPhase section */
		2363B6D524ABEF7B00428853 /* Frameworks */ = {
			isa = PBXFrameworksBuildPhase;
			buildActionMask = 2147483647;
			files = (
			);
			runOnlyForDeploymentPostprocessing = 0;
		};
		2363B70924ABF41D00428853 /* Frameworks */ = {
			isa = PBXFrameworksBuildPhase;
			buildActionMask = 2147483647;
			files = (
			);
			runOnlyForDeploymentPostprocessing = 0;
		};
		2363B71724ABF45F00428853 /* Frameworks */ = {
			isa = PBXFrameworksBuildPhase;
			buildActionMask = 2147483647;
			files = (
			);
			runOnlyForDeploymentPostprocessing = 0;
		};
/* End PBXFrameworksBuildPhase section */

/* Begin PBXGroup section */
		2363B6CF24ABEF7B00428853 = {
			isa = PBXGroup;
			children = (
				2363B6DA24ABEF7B00428853 /* EulerStudy */,
				2363B70D24ABF41D00428853 /* EulerStudyTests */,
				2363B71B24ABF45F00428853 /* EulerStudyUITests */,
				2363B6D924ABEF7B00428853 /* Products */,
			);
			sourceTree = "<group>";
		};
		2363B6D924ABEF7B00428853 /* Products */ = {
			isa = PBXGroup;
			children = (
				2363B6D824ABEF7B00428853 /* EulerStudy.app */,
				2363B70C24ABF41D00428853 /* EulerStudyTests.xctest */,
				2363B71A24ABF45F00428853 /* EulerStudyUITests.xctest */,
			);
			name = Products;
			sourceTree = "<group>";
		};
		2363B6DA24ABEF7B00428853 /* EulerStudy */ = {
			isa = PBXGroup;
			children = (
				2363B70624ABF02A00428853 /* ProblemsFunctions.swift */,
				2363B6DB24ABEF7B00428853 /* EulerStudyApp.swift */,
				2363B6DD24ABEF7B00428853 /* ContentView.swift */,
				2363B6DF24ABEF7E00428853 /* Assets.xcassets */,
				2363B6E424ABEF7E00428853 /* Info.plist */,
				2363B6E124ABEF7E00428853 /* Preview Content */,
			);
			path = EulerStudy;
			sourceTree = "<group>";
		};
		2363B6E124ABEF7E00428853 /* Preview Content */ = {
			isa = PBXGroup;
			children = (
				2363B6E224ABEF7E00428853 /* Preview Assets.xcassets */,
			);
			path = "Preview Content";
			sourceTree = "<group>";
		};
		2363B70D24ABF41D00428853 /* EulerStudyTests */ = {
			isa = PBXGroup;
			children = (
				2363B70E24ABF41D00428853 /* EulerStudyTests.swift */,
				2363B71024ABF41D00428853 /* Info.plist */,
			);
			path = EulerStudyTests;
			sourceTree = "<group>";
		};
		2363B71B24ABF45F00428853 /* EulerStudyUITests */ = {
			isa = PBXGroup;
			children = (
				2363B71C24ABF45F00428853 /* EulerStudyUITests.swift */,
				2363B71E24ABF45F00428853 /* Info.plist */,
			);
			path = EulerStudyUITests;
			sourceTree = "<group>";
		};
/* End PBXGroup section */

/* Begin PBXNativeTarget section */
		2363B6D724ABEF7B00428853 /* EulerStudy */ = {
			isa = PBXNativeTarget;
			buildConfigurationList = 2363B6FD24ABEF7F00428853 /* Build configuration list for PBXNativeTarget "EulerStudy" */;
			buildPhases = (
				2363B6D424ABEF7B00428853 /* Sources */,
				2363B6D524ABEF7B00428853 /* Frameworks */,
				2363B6D624ABEF7B00428853 /* Resources */,
			);
			buildRules = (
			);
			dependencies = (
			);
			name = EulerStudy;
			productName = EulerStudy;
			productReference = 2363B6D824ABEF7B00428853 /* EulerStudy.app */;
			productType = "com.apple.product-type.application";
		};
		2363B70B24ABF41D00428853 /* EulerStudyTests */ = {
			isa = PBXNativeTarget;
			buildConfigurationList = 2363B71324ABF41D00428853 /* Build configuration list for PBXNativeTarget "EulerStudyTests" */;
			buildPhases = (
				2363B70824ABF41D00428853 /* Sources */,
				2363B70924ABF41D00428853 /* Frameworks */,
				2363B70A24ABF41D00428853 /* Resources */,
			);
			buildRules = (
			);
			dependencies = (
				2363B71224ABF41D00428853 /* PBXTargetDependency */,
			);
			name = EulerStudyTests;
			productName = EulerStudyTests;
			productReference = 2363B70C24ABF41D00428853 /* EulerStudyTests.xctest */;
			productType = "com.apple.product-type.bundle.unit-test";
		};
		2363B71924ABF45F00428853 /* EulerStudyUITests */ = {
			isa = PBXNativeTarget;
			buildConfigurationList = 2363B72124ABF45F00428853 /* Build configuration list for PBXNativeTarget "EulerStudyUITests" */;
			buildPhases = (
				2363B71624ABF45F00428853 /* Sources */,
				2363B71724ABF45F00428853 /* Frameworks */,
				2363B71824ABF45F00428853 /* Resources */,
			);
			buildRules = (
			);
			dependencies = (
				2363B72024ABF45F00428853 /* PBXTargetDependency */,
			);
			name = EulerStudyUITests;
			productName = EulerStudyUITests;
			productReference = 2363B71A24ABF45F00428853 /* EulerStudyUITests.xctest */;
			productType = "com.apple.product-type.bundle.ui-testing";
		};
/* End PBXNativeTarget section */

/* Begin PBXProject section */
		2363B6D024ABEF7B00428853 /* Project object */ = {
			isa = PBXProject;
			attributes = {
				LastSwiftUpdateCheck = 1200;
				LastUpgradeCheck = 1200;
				TargetAttributes = {
					2363B6D724ABEF7B00428853 = {
						CreatedOnToolsVersion = 12.0;
					};
					2363B70B24ABF41D00428853 = {
						CreatedOnToolsVersion = 12.0;
						TestTargetID = 2363B6D724ABEF7B00428853;
					};
					2363B71924ABF45F00428853 = {
						CreatedOnToolsVersion = 12.0;
						TestTargetID = 2363B6D724ABEF7B00428853;
					};
				};
			};
			buildConfigurationList = 2363B6D324ABEF7B00428853 /* Build configuration list for PBXProject "EulerStudy" */;
			compatibilityVersion = "Xcode 9.3";
			developmentRegion = en;
			hasScannedForEncodings = 0;
			knownRegions = (
				en,
				Base,
			);
			mainGroup = 2363B6CF24ABEF7B00428853;
			productRefGroup = 2363B6D924ABEF7B00428853 /* Products */;
			projectDirPath = "";
			projectRoot = "";
			targets = (
				2363B6D724ABEF7B00428853 /* EulerStudy */,
				2363B70B24ABF41D00428853 /* EulerStudyTests */,
				2363B71924ABF45F00428853 /* EulerStudyUITests */,
			);
		};
/* End PBXProject section */

/* Begin PBXResourcesBuildPhase section */
		2363B6D624ABEF7B00428853 /* Resources */ = {
			isa = PBXResourcesBuildPhase;
			buildActionMask = 2147483647;
			files = (
				2363B6E324ABEF7E00428853 /* Preview Assets.xcassets in Resources */,
				2363B6E024ABEF7E00428853 /* Assets.xcassets in Resources */,
			);
			runOnlyForDeploymentPostprocessing = 0;
		};
		2363B70A24ABF41D00428853 /* Resources */ = {
			isa = PBXResourcesBuildPhase;
			buildActionMask = 2147483647;
			files = (
			);
			runOnlyForDeploymentPostprocessing = 0;
		};
		2363B71824ABF45F00428853 /* Resources */ = {
			isa = PBXResourcesBuildPhase;
			buildActionMask = 2147483647;
			files = (
			);
			runOnlyForDeploymentPostprocessing = 0;
		};
/* End PBXResourcesBuildPhase section */

/* Begin PBXSourcesBuildPhase section */
		2363B6D424ABEF7B00428853 /* Sources */ = {
			isa = PBXSourcesBuildPhase;
			buildActionMask = 2147483647;
			files = (
				2363B6DE24ABEF7B00428853 /* ContentView.swift in Sources */,
				2363B6DC24ABEF7B00428853 /* EulerStudyApp.swift in Sources */,
				2363B70724ABF02A00428853 /* ProblemsFunctions.swift in Sources */,
			);
			runOnlyForDeploymentPostprocessing = 0;
		};
		2363B70824ABF41D00428853 /* Sources */ = {
			isa = PBXSourcesBuildPhase;
			buildActionMask = 2147483647;
			files = (
				2363B70F24ABF41D00428853 /* EulerStudyTests.swift in Sources */,
			);
			runOnlyForDeploymentPostprocessing = 0;
		};
		2363B71624ABF45F00428853 /* Sources */ = {
			isa = PBXSourcesBuildPhase;
			buildActionMask = 2147483647;
			files = (
				2363B71D24ABF45F00428853 /* EulerStudyUITests.swift in Sources */,
			);
			runOnlyForDeploymentPostprocessing = 0;
		};
/* End PBXSourcesBuildPhase section */

/* Begin PBXTargetDependency section */
		2363B71224ABF41D00428853 /* PBXTargetDependency */ = {
			isa = PBXTargetDependency;
			target = 2363B6D724ABEF7B00428853 /* EulerStudy */;
			targetProxy = 2363B71124ABF41D00428853 /* PBXContainerItemProxy */;
		};
		2363B72024ABF45F00428853 /* PBXTargetDependency */ = {
			isa = PBXTargetDependency;
			target = 2363B6D724ABEF7B00428853 /* EulerStudy */;
			targetProxy = 2363B71F24ABF45F00428853 /* PBXContainerItemProxy */;
		};
/* End PBXTargetDependency section */

/* Begin XCBuildConfiguration section */
		2363B6FB24ABEF7F00428853 /* Debug */ = {
			isa = XCBuildConfiguration;
			buildSettings = {
				ALWAYS_SEARCH_USER_PATHS = NO;
				CLANG_ANALYZER_NONNULL = YES;
				CLANG_ANALYZER_NUMBER_OBJECT_CONVERSION = YES_AGGRESSIVE;
				CLANG_CXX_LANGUAGE_STANDARD = "gnu++14";
				CLANG_CXX_LIBRARY = "libc++";
				CLANG_ENABLE_MODULES = YES;
				CLANG_ENABLE_OBJC_ARC = YES;
				CLANG_ENABLE_OBJC_WEAK = YES;
				CLANG_WARN_BLOCK_CAPTURE_AUTORELEASING = YES;
				CLANG_WARN_BOOL_CONVERSION = YES;
				CLANG_WARN_COMMA = YES;
				CLANG_WARN_CONSTANT_CONVERSION = YES;
				CLANG_WARN_DEPRECATED_OBJC_IMPLEMENTATIONS = YES;
				CLANG_WARN_DIRECT_OBJC_ISA_USAGE = YES_ERROR;
				CLANG_WARN_DOCUMENTATION_COMMENTS = YES;
				CLANG_WARN_EMPTY_BODY = YES;
				CLANG_WARN_ENUM_CONVERSION = YES;
				CLANG_WARN_INFINITE_RECURSION = YES;
				CLANG_WARN_INT_CONVERSION = YES;
				CLANG_WARN_NON_LITERAL_NULL_CONVERSION = YES;
				CLANG_WARN_OBJC_IMPLICIT_RETAIN_SELF = YES;
				CLANG_WARN_OBJC_LITERAL_CONVERSION = YES;
				CLANG_WARN_OBJC_ROOT_CLASS = YES_ERROR;
				CLANG_WARN_QUOTED_INCLUDE_IN_FRAMEWORK_HEADER = YES;
				CLANG_WARN_RANGE_LOOP_ANALYSIS = YES;
				CLANG_WARN_STRICT_PROTOTYPES = YES;
				CLANG_WARN_SUSPICIOUS_MOVE = YES;
				CLANG_WARN_UNGUARDED_AVAILABILITY = YES_AGGRESSIVE;
				CLANG_WARN_UNREACHABLE_CODE = YES;
				CLANG_WARN__DUPLICATE_METHOD_MATCH = YES;
				COPY_PHASE_STRIP = NO;
				DEBUG_INFORMATION_FORMAT = dwarf;
				ENABLE_STRICT_OBJC_MSGSEND = YES;
				ENABLE_TESTABILITY = YES;
				GCC_C_LANGUAGE_STANDARD = gnu11;
				GCC_DYNAMIC_NO_PIC = NO;
				GCC_NO_COMMON_BLOCKS = YES;
				GCC_OPTIMIZATION_LEVEL = 0;
				GCC_PREPROCESSOR_DEFINITIONS = (
					"DEBUG=1",
					"$(inherited)",
				);
				GCC_WARN_64_TO_32_BIT_CONVERSION = YES;
				GCC_WARN_ABOUT_RETURN_TYPE = YES_ERROR;
				GCC_WARN_UNDECLARED_SELECTOR = YES;
				GCC_WARN_UNINITIALIZED_AUTOS = YES_AGGRESSIVE;
				GCC_WARN_UNUSED_FUNCTION = YES;
				GCC_WARN_UNUSED_VARIABLE = YES;
				IPHONEOS_DEPLOYMENT_TARGET = 14.0;
				MTL_ENABLE_DEBUG_INFO = INCLUDE_SOURCE;
				MTL_FAST_MATH = YES;
				ONLY_ACTIVE_ARCH = YES;
				SDKROOT = iphoneos;
				SWIFT_ACTIVE_COMPILATION_CONDITIONS = DEBUG;
				SWIFT_OPTIMIZATION_LEVEL = "-Onone";
			};
			name = Debug;
		};
		2363B6FC24ABEF7F00428853 /* Release */ = {
			isa = XCBuildConfiguration;
			buildSettings = {
				ALWAYS_SEARCH_USER_PATHS = NO;
				CLANG_ANALYZER_NONNULL = YES;
				CLANG_ANALYZER_NUMBER_OBJECT_CONVERSION = YES_AGGRESSIVE;
				CLANG_CXX_LANGUAGE_STANDARD = "gnu++14";
				CLANG_CXX_LIBRARY = "libc++";
				CLANG_ENABLE_MODULES = YES;
				CLANG_ENABLE_OBJC_ARC = YES;
				CLANG_ENABLE_OBJC_WEAK = YES;
				CLANG_WARN_BLOCK_CAPTURE_AUTORELEASING = YES;
				CLANG_WARN_BOOL_CONVERSION = YES;
				CLANG_WARN_COMMA = YES;
				CLANG_WARN_CONSTANT_CONVERSION = YES;
				CLANG_WARN_DEPRECATED_OBJC_IMPLEMENTATIONS = YES;
				CLANG_WARN_DIRECT_OBJC_ISA_USAGE = YES_ERROR;
				CLANG_WARN_DOCUMENTATION_COMMENTS = YES;
				CLANG_WARN_EMPTY_BODY = YES;
				CLANG_WARN_ENUM_CONVERSION = YES;
				CLANG_WARN_INFINITE_RECURSION = YES;
				CLANG_WARN_INT_CONVERSION = YES;
				CLANG_WARN_NON_LITERAL_NULL_CONVERSION = YES;
				CLANG_WARN_OBJC_IMPLICIT_RETAIN_SELF = YES;
				CLANG_WARN_OBJC_LITERAL_CONVERSION = YES;
				CLANG_WARN_OBJC_ROOT_CLASS = YES_ERROR;
				CLANG_WARN_QUOTED_INCLUDE_IN_FRAMEWORK_HEADER = YES;
				CLANG_WARN_RANGE_LOOP_ANALYSIS = YES;
				CLANG_WARN_STRICT_PROTOTYPES = YES;
				CLANG_WARN_SUSPICIOUS_MOVE = YES;
				CLANG_WARN_UNGUARDED_AVAILABILITY = YES_AGGRESSIVE;
				CLANG_WARN_UNREACHABLE_CODE = YES;
				CLANG_WARN__DUPLICATE_METHOD_MATCH = YES;
				COPY_PHASE_STRIP = NO;
				DEBUG_INFORMATION_FORMAT = "dwarf-with-dsym";
				ENABLE_NS_ASSERTIONS = NO;
				ENABLE_STRICT_OBJC_MSGSEND = YES;
				GCC_C_LANGUAGE_STANDARD = gnu11;
				GCC_NO_COMMON_BLOCKS = YES;
				GCC_WARN_64_TO_32_BIT_CONVERSION = YES;
				GCC_WARN_ABOUT_RETURN_TYPE = YES_ERROR;
				GCC_WARN_UNDECLARED_SELECTOR = YES;
				GCC_WARN_UNINITIALIZED_AUTOS = YES_AGGRESSIVE;
				GCC_WARN_UNUSED_FUNCTION = YES;
				GCC_WARN_UNUSED_VARIABLE = YES;
				IPHONEOS_DEPLOYMENT_TARGET = 14.0;
				MTL_ENABLE_DEBUG_INFO = NO;
				MTL_FAST_MATH = YES;
				SDKROOT = iphoneos;
				SWIFT_COMPILATION_MODE = wholemodule;
				SWIFT_OPTIMIZATION_LEVEL = "-O";
				VALIDATE_PRODUCT = YES;
			};
			name = Release;
		};
		2363B6FE24ABEF7F00428853 /* Debug */ = {
			isa = XCBuildConfiguration;
			buildSettings = {
				ASSETCATALOG_COMPILER_APPICON_NAME = AppIcon;
				ASSETCATALOG_COMPILER_GLOBAL_ACCENT_COLOR_NAME = AccentColor;
				CODE_SIGN_STYLE = Automatic;
				DEFINES_MODULE = YES;
				DEVELOPMENT_ASSET_PATHS = "\"EulerStudy/Preview Content\"";
				DEVELOPMENT_TEAM = Q65M6BP828;
				ENABLE_PREVIEWS = YES;
				INFOPLIST_FILE = EulerStudy/Info.plist;
				IPHONEOS_DEPLOYMENT_TARGET = 14.0;
				LD_RUNPATH_SEARCH_PATHS = (
					"$(inherited)",
					"@executable_path/Frameworks",
				);
				PRODUCT_BUNDLE_IDENTIFIER = Atness.EulerStudy;
				PRODUCT_NAME = "$(TARGET_NAME)";
				SWIFT_VERSION = 5.0;
				TARGETED_DEVICE_FAMILY = "1,2";
			};
			name = Debug;
		};
		2363B6FF24ABEF7F00428853 /* Release */ = {
			isa = XCBuildConfiguration;
			buildSettings = {
				ASSETCATALOG_COMPILER_APPICON_NAME = AppIcon;
				ASSETCATALOG_COMPILER_GLOBAL_ACCENT_COLOR_NAME = AccentColor;
				CODE_SIGN_STYLE = Automatic;
				DEFINES_MODULE = YES;
				DEVELOPMENT_ASSET_PATHS = "\"EulerStudy/Preview Content\"";
				DEVELOPMENT_TEAM = Q65M6BP828;
				ENABLE_PREVIEWS = YES;
				ENABLE_TESTABILITY = YES;
				INFOPLIST_FILE = EulerStudy/Info.plist;
				IPHONEOS_DEPLOYMENT_TARGET = 14.0;
				LD_RUNPATH_SEARCH_PATHS = (
					"$(inherited)",
					"@executable_path/Frameworks",
				);
				PRODUCT_BUNDLE_IDENTIFIER = Atness.EulerStudy;
				PRODUCT_NAME = "$(TARGET_NAME)";
				SWIFT_VERSION = 5.0;
				TARGETED_DEVICE_FAMILY = "1,2";
			};
			name = Release;
		};
		2363B71424ABF41D00428853 /* Debug */ = {
			isa = XCBuildConfiguration;
			buildSettings = {
				BUNDLE_LOADER = "$(TEST_HOST)";
				CODE_SIGN_STYLE = Automatic;
				DEVELOPMENT_TEAM = Q65M6BP828;
				INFOPLIST_FILE = EulerStudyTests/Info.plist;
				LD_RUNPATH_SEARCH_PATHS = (
					"$(inherited)",
					"@executable_path/Frameworks",
					"@loader_path/Frameworks",
				);
				PRODUCT_BUNDLE_IDENTIFIER = Atness.EulerStudyTests;
				PRODUCT_NAME = "$(TARGET_NAME)";
				SWIFT_VERSION = 5.0;
				TARGETED_DEVICE_FAMILY = "1,2";
				TEST_HOST = "$(BUILT_PRODUCTS_DIR)/EulerStudy.app/EulerStudy";
			};
			name = Debug;
		};
		2363B71524ABF41D00428853 /* Release */ = {
			isa = XCBuildConfiguration;
			buildSettings = {
				BUNDLE_LOADER = "$(TEST_HOST)";
				CODE_SIGN_STYLE = Automatic;
				DEVELOPMENT_TEAM = Q65M6BP828;
				INFOPLIST_FILE = EulerStudyTests/Info.plist;
				LD_RUNPATH_SEARCH_PATHS = (
					"$(inherited)",
					"@executable_path/Frameworks",
					"@loader_path/Frameworks",
				);
				PRODUCT_BUNDLE_IDENTIFIER = Atness.EulerStudyTests;
				PRODUCT_NAME = "$(TARGET_NAME)";
				SWIFT_VERSION = 5.0;
				TARGETED_DEVICE_FAMILY = "1,2";
				TEST_HOST = "$(BUILT_PRODUCTS_DIR)/EulerStudy.app/EulerStudy";
			};
			name = Release;
		};
		2363B72224ABF45F00428853 /* Debug */ = {
			isa = XCBuildConfiguration;
			buildSettings = {
				CODE_SIGN_STYLE = Automatic;
				DEVELOPMENT_TEAM = Q65M6BP828;
				INFOPLIST_FILE = EulerStudyUITests/Info.plist;
				LD_RUNPATH_SEARCH_PATHS = (
					"$(inherited)",
					"@executable_path/Frameworks",
					"@loader_path/Frameworks",
				);
				PRODUCT_BUNDLE_IDENTIFIER = Atness.EulerStudyUITests;
				PRODUCT_NAME = "$(TARGET_NAME)";
				SWIFT_VERSION = 5.0;
				TARGETED_DEVICE_FAMILY = "1,2";
				TEST_TARGET_NAME = EulerStudy;
			};
			name = Debug;
		};
		2363B72324ABF45F00428853 /* Release */ = {
			isa = XCBuildConfiguration;
			buildSettings = {
				CODE_SIGN_STYLE = Automatic;
				DEVELOPMENT_TEAM = Q65M6BP828;
				INFOPLIST_FILE = EulerStudyUITests/Info.plist;
				LD_RUNPATH_SEARCH_PATHS = (
					"$(inherited)",
					"@executable_path/Frameworks",
					"@loader_path/Frameworks",
				);
				PRODUCT_BUNDLE_IDENTIFIER = Atness.EulerStudyUITests;
				PRODUCT_NAME = "$(TARGET_NAME)";
				SWIFT_VERSION = 5.0;
				TARGETED_DEVICE_FAMILY = "1,2";
				TEST_TARGET_NAME = EulerStudy;
			};
			name = Release;
		};
/* End XCBuildConfiguration section */

/* Begin XCConfigurationList section */
		2363B6D324ABEF7B00428853 /* Build configuration list for PBXProject "EulerStudy" */ = {
			isa = XCConfigurationList;
			buildConfigurations = (
				2363B6FB24ABEF7F00428853 /* Debug */,
				2363B6FC24ABEF7F00428853 /* Release */,
			);
			defaultConfigurationIsVisible = 0;
			defaultConfigurationName = Release;
		};
		2363B6FD24ABEF7F00428853 /* Build configuration list for PBXNativeTarget "EulerStudy" */ = {
			isa = XCConfigurationList;
			buildConfigurations = (
				2363B6FE24ABEF7F00428853 /* Debug */,
				2363B6FF24ABEF7F00428853 /* Release */,
			);
			defaultConfigurationIsVisible = 0;
			defaultConfigurationName = Release;
		};
		2363B71324ABF41D00428853 /* Build configuration list for PBXNativeTarget "EulerStudyTests" */ = {
			isa = XCConfigurationList;
			buildConfigurations = (
				2363B71424ABF41D00428853 /* Debug */,
				2363B71524ABF41D00428853 /* Release */,
			);
			defaultConfigurationIsVisible = 0;
			defaultConfigurationName = Release;
		};
		2363B72124ABF45F00428853 /* Build configuration list for PBXNativeTarget "EulerStudyUITests" */ = {
			isa = XCConfigurationList;
			buildConfigurations = (
				2363B72224ABF45F00428853 /* Debug */,
				2363B72324ABF45F00428853 /* Release */,
			);
			defaultConfigurationIsVisible = 0;
			defaultConfigurationName = Release;
		};
/* End XCConfigurationList section */
	};
	rootObject = 2363B6D024ABEF7B00428853 /* Project object */;
}
